
Microsoft Visual Studio Solution File, Format Version 12.00
# Visual Studio Version 16
VisualStudioVersion = 16.0.29911.84
MinimumVisualStudioVersion = 10.0.40219.1
Project("{FAE04EC0-301F-11D3-BF4B-00C04F79EFBC}") = "Pagar.me", "Pagar.me\Pagar.me.csproj", "{69FDEBC7-F4A0-4380-A7AF-590170C194C1}"
EndProject
Global
	GlobalSection(SolutionConfigurationPlatforms) = preSolution
		Debug|Any CPU = Debug|Any CPU
		Release|Any CPU = Release|Any CPU
	EndGlobalSection
	GlobalSection(ProjectConfigurationPlatforms) = postSolution
		{69FDEBC7-F4A0-4380-A7AF-590170C194C1}.Debug|Any CPU.ActiveCfg = Debug|Any CPU
		{69FDEBC7-F4A0-4380-A7AF-590170C194C1}.Debug|Any CPU.Build.0 = Debug|Any CPU
		{69FDEBC7-F4A0-4380-A7AF-590170C194C1}.Release|Any CPU.ActiveCfg = Release|Any CPU
		{69FDEBC7-F4A0-4380-A7AF-590170C194C1}.Release|Any CPU.Build.0 = Release|Any CPU
	EndGlobalSection
	GlobalSection(SolutionProperties) = preSolution
		HideSolutionNode = FALSE
	EndGlobalSection
	GlobalSection(ExtensibilityGlobals) = postSolution
		SolutionGuid = {7846331A-0231-4575-A282-01CE0BCF8BD2}
	EndGlobalSection
EndGlobal
